
Microsoft Visual Studio Solution File, Format Version 12.00
# Visual Studio Version 17
VisualStudioVersion = 17.0.31903.59
MinimumVisualStudioVersion = 10.0.40219.1
Project("{FAE04EC0-301F-11D3-BF4B-00C04F79EFBC}") = "HowManyOfThisType", "HowManyOfThisType\HowManyOfThisType.csproj", "{8F70B4E4-22C5-4959-B079-183292C9E6A6}"
EndProject
Project("{FAE04EC0-301F-11D3-BF4B-00C04F79EFBC}") = "TheyCameBefore", "TheyCameBefore\TheyCameBefore.csproj", "{A40B33F0-E03F-423A-800E-B80EDB5B13FB}"
EndProject
Project("{FAE04EC0-301F-11D3-BF4B-00C04F79EFBC}") = "MyGenericClass", "MyGenericClass\MyGenericClass.csproj", "{B196F21B-3CA8-4539-840C-901858D0B54A}"
EndProject
Project("{FAE04EC0-301F-11D3-BF4B-00C04F79EFBC}") = "MyEnumerable", "MyEnumerable\MyEnumerable.csproj", "{10BDC534-47BA-4BA9-9C4E-E7BCEE5B798D}"
EndProject
Project("{FAE04EC0-301F-11D3-BF4B-00C04F79EFBC}") = "JustLikeACollection", "JustLikeACollection\JustLikeACollection.csproj", "{B039D3D5-C355-480A-85A3-71188C54C118}"
EndProject
Global
	GlobalSection(SolutionConfigurationPlatforms) = preSolution
		Debug|Any CPU = Debug|Any CPU
		Release|Any CPU = Release|Any CPU
	EndGlobalSection
	GlobalSection(SolutionProperties) = preSolution
		HideSolutionNode = FALSE
	EndGlobalSection
	GlobalSection(ProjectConfigurationPlatforms) = postSolution
		{8F70B4E4-22C5-4959-B079-183292C9E6A6}.Debug|Any CPU.ActiveCfg = Debug|Any CPU
		{8F70B4E4-22C5-4959-B079-183292C9E6A6}.Debug|Any CPU.Build.0 = Debug|Any CPU
		{8F70B4E4-22C5-4959-B079-183292C9E6A6}.Release|Any CPU.ActiveCfg = Release|Any CPU
		{8F70B4E4-22C5-4959-B079-183292C9E6A6}.Release|Any CPU.Build.0 = Release|Any CPU
		{A40B33F0-E03F-423A-800E-B80EDB5B13FB}.Debug|Any CPU.ActiveCfg = Debug|Any CPU
		{A40B33F0-E03F-423A-800E-B80EDB5B13FB}.Debug|Any CPU.Build.0 = Debug|Any CPU
		{A40B33F0-E03F-423A-800E-B80EDB5B13FB}.Release|Any CPU.ActiveCfg = Release|Any CPU
		{A40B33F0-E03F-423A-800E-B80EDB5B13FB}.Release|Any CPU.Build.0 = Release|Any CPU
		{B196F21B-3CA8-4539-840C-901858D0B54A}.Debug|Any CPU.ActiveCfg = Debug|Any CPU
		{B196F21B-3CA8-4539-840C-901858D0B54A}.Debug|Any CPU.Build.0 = Debug|Any CPU
		{B196F21B-3CA8-4539-840C-901858D0B54A}.Release|Any CPU.ActiveCfg = Release|Any CPU
		{B196F21B-3CA8-4539-840C-901858D0B54A}.Release|Any CPU.Build.0 = Release|Any CPU
		{10BDC534-47BA-4BA9-9C4E-E7BCEE5B798D}.Debug|Any CPU.ActiveCfg = Debug|Any CPU
		{10BDC534-47BA-4BA9-9C4E-E7BCEE5B798D}.Debug|Any CPU.Build.0 = Debug|Any CPU
		{10BDC534-47BA-4BA9-9C4E-E7BCEE5B798D}.Release|Any CPU.ActiveCfg = Release|Any CPU
		{10BDC534-47BA-4BA9-9C4E-E7BCEE5B798D}.Release|Any CPU.Build.0 = Release|Any CPU
		{B039D3D5-C355-480A-85A3-71188C54C118}.Debug|Any CPU.ActiveCfg = Debug|Any CPU
		{B039D3D5-C355-480A-85A3-71188C54C118}.Debug|Any CPU.Build.0 = Debug|Any CPU
		{B039D3D5-C355-480A-85A3-71188C54C118}.Release|Any CPU.ActiveCfg = Release|Any CPU
		{B039D3D5-C355-480A-85A3-71188C54C118}.Release|Any CPU.Build.0 = Release|Any CPU
	EndGlobalSection
EndGlobal
